
Microsoft Visual Studio Solution File, Format Version 12.00
# Visual Studio 15
VisualStudioVersion = 15.0.27004.2006
MinimumVisualStudioVersion = 10.0.40219.1
Project("{FAE04EC0-301F-11D3-BF4B-00C04F79EFBC}") = "PL.Model", "PL.Model\PL.Model.csproj", "{F1A581AF-368C-460D-A348-EDA00D6FE518}"
EndProject
Project("{FAE04EC0-301F-11D3-BF4B-00C04F79EFBC}") = "AppLeilao", "AppLeilao\AppLeilao.csproj", "{5839F2B2-B534-4467-BCB7-BA3CFE62EC3A}"
EndProject
Project("{FAE04EC0-301F-11D3-BF4B-00C04F79EFBC}") = "WebAppLeilao", "WebAppLeilao\WebAppLeilao.csproj", "{432FFBC5-DDD3-4DA6-A833-E7074AE64106}"
EndProject
Global
	GlobalSection(SolutionConfigurationPlatforms) = preSolution
		Debug|Any CPU = Debug|Any CPU
		Release|Any CPU = Release|Any CPU
	EndGlobalSection
	GlobalSection(ProjectConfigurationPlatforms) = postSolution
		{F1A581AF-368C-460D-A348-EDA00D6FE518}.Debug|Any CPU.ActiveCfg = Debug|Any CPU
		{F1A581AF-368C-460D-A348-EDA00D6FE518}.Debug|Any CPU.Build.0 = Debug|Any CPU
		{F1A581AF-368C-460D-A348-EDA00D6FE518}.Release|Any CPU.ActiveCfg = Release|Any CPU
		{F1A581AF-368C-460D-A348-EDA00D6FE518}.Release|Any CPU.Build.0 = Release|Any CPU
		{5839F2B2-B534-4467-BCB7-BA3CFE62EC3A}.Debug|Any CPU.ActiveCfg = Debug|Any CPU
		{5839F2B2-B534-4467-BCB7-BA3CFE62EC3A}.Debug|Any CPU.Build.0 = Debug|Any CPU
		{5839F2B2-B534-4467-BCB7-BA3CFE62EC3A}.Release|Any CPU.ActiveCfg = Release|Any CPU
		{5839F2B2-B534-4467-BCB7-BA3CFE62EC3A}.Release|Any CPU.Build.0 = Release|Any CPU
		{432FFBC5-DDD3-4DA6-A833-E7074AE64106}.Debug|Any CPU.ActiveCfg = Debug|Any CPU
		{432FFBC5-DDD3-4DA6-A833-E7074AE64106}.Debug|Any CPU.Build.0 = Debug|Any CPU
		{432FFBC5-DDD3-4DA6-A833-E7074AE64106}.Release|Any CPU.ActiveCfg = Release|Any CPU
		{432FFBC5-DDD3-4DA6-A833-E7074AE64106}.Release|Any CPU.Build.0 = Release|Any CPU
	EndGlobalSection
	GlobalSection(SolutionProperties) = preSolution
		HideSolutionNode = FALSE
	EndGlobalSection
	GlobalSection(ExtensibilityGlobals) = postSolution
		SolutionGuid = {B4FF9D47-00D0-4682-A0A5-0F1133EA774F}
	EndGlobalSection
EndGlobal
